{
  "nodes": {
    "nixpkgs": {
      "locked": {
        "lastModified": 1776434932,
        "narHash": "sha256-gyqXNMgk3sh+ogY5svd2eNLJ6oEwzbAeaoBrrxD0lKk=",
        "rev": "c7f47036d3df2add644c46d712d14262b7d86c0c",
        "revCount": 911245,
        "type": "tarball",
        "url": "https://api.flakehub.com/f/pinned/NixOS/nixpkgs/0.2511.911245%2Brev-c7f47036d3df2add644c46d712d14262b7d86c0c/019d9f2e-2f19-74b2-9677-8c9e984b1823/source.tar.gz"
      },
      "original": {
        "type": "tarball",
        "url": "https://flakehub.com/f/NixOS/nixpkgs/%2A.tar.gz"
      }
    },
    "root": {
      "inputs": {
        "nixpkgs": "nixpkgs"
      }
    }
  },
  "root": "root",
  "version": 7
}
